
Microsoft Visual Studio Solution File, Format Version 12.00
# Visual Studio Version 17
VisualStudioVersion = 17.4.33205.214
MinimumVisualStudioVersion = 10.0.40219.1
Project("{FAE04EC0-301F-11D3-BF4B-00C04F79EFBC}") = "CacheOfObjects", "CacheOfObjects.csproj", "{E9ECFCC1-4447-4059-AF85-FD4DE5DAF498}"
EndProject
Global
	GlobalSection(SolutionConfigurationPlatforms) = preSolution
		Debug|Any CPU = Debug|Any CPU
		Release|Any CPU = Release|Any CPU
	EndGlobalSection
	GlobalSection(ProjectConfigurationPlatforms) = postSolution
		{E9ECFCC1-4447-4059-AF85-FD4DE5DAF498}.Debug|Any CPU.ActiveCfg = Debug|Any CPU
		{E9ECFCC1-4447-4059-AF85-FD4DE5DAF498}.Debug|Any CPU.Build.0 = Debug|Any CPU
		{E9ECFCC1-4447-4059-AF85-FD4DE5DAF498}.Release|Any CPU.ActiveCfg = Release|Any CPU
		{E9ECFCC1-4447-4059-AF85-FD4DE5DAF498}.Release|Any CPU.Build.0 = Release|Any CPU
	EndGlobalSection
	GlobalSection(SolutionProperties) = preSolution
		HideSolutionNode = FALSE
	EndGlobalSection
	GlobalSection(ExtensibilityGlobals) = postSolution
		SolutionGuid = {1659BDBE-FB10-4595-93A2-8040CA46D502}
	EndGlobalSection
EndGlobal
